// !$*UTF8*$!
{
	archiveVersion = 1;
	classes = {
	};
	objectVersion = 56;
	objects = {

/* Begin PBXBuildFile section */
		3CE768892B15FC8E005B9B1E /* AppDelegate.swift in Sources */ = {isa = PBXBuildFile; fileRef = 3CE768882B15FC8E005B9B1E /* AppDelegate.swift */; };
		3CE7688B2B15FC8E005B9B1E /* SceneDelegate.swift in Sources */ = {isa = PBXBuildFile; fileRef = 3CE7688A2B15FC8E005B9B1E /* SceneDelegate.swift */; };
		3CE7688D2B15FC8E005B9B1E /* PersonViewController.swift in Sources */ = {isa = PBXBuildFile; fileRef = 3CE7688C2B15FC8E005B9B1E /* PersonViewController.swift */; };
		3CE768922B15FC90005B9B1E /* Assets.xcassets in Resources */ = {isa = PBXBuildFile; fileRef = 3CE768912B15FC90005B9B1E /* Assets.xcassets */; };
		3CE768952B15FC90005B9B1E /* LaunchScreen.storyboard in Resources */ = {isa = PBXBuildFile; fileRef = 3CE768932B15FC90005B9B1E /* LaunchScreen.storyboard */; };
		3CE768A82B16030E005B9B1E /* DetailsViewController.swift in Sources */ = {isa = PBXBuildFile; fileRef = 3CE768A72B16030E005B9B1E /* DetailsViewController.swift */; };
		3CE768AA2B1604CE005B9B1E /* Person.swift in Sources */ = {isa = PBXBuildFile; fileRef = 3CE768A92B1604CE005B9B1E /* Person.swift */; };
		3CE768AC2B1607E0005B9B1E /* PersonPresenter.swift in Sources */ = {isa = PBXBuildFile; fileRef = 3CE768AB2B1607E0005B9B1E /* PersonPresenter.swift */; };
		3CE768AE2B16146E005B9B1E /* Details.swift in Sources */ = {isa = PBXBuildFile; fileRef = 3CE768AD2B16146E005B9B1E /* Details.swift */; };
		3CE768B02B1614BA005B9B1E /* DetailsPresenter.swift in Sources */ = {isa = PBXBuildFile; fileRef = 3CE768AF2B1614BA005B9B1E /* DetailsPresenter.swift */; };
		3CE768B22B162173005B9B1E /* CustomButton.swift in Sources */ = {isa = PBXBuildFile; fileRef = 3CE768B12B162173005B9B1E /* CustomButton.swift */; };
		3CE7694E2B178AB3005B9B1E /* ViewBuilder.swift in Sources */ = {isa = PBXBuildFile; fileRef = 3CE7694D2B178AB3005B9B1E /* ViewBuilder.swift */; };
/* End PBXBuildFile section */

/* Begin PBXFileReference section */
		3CE768852B15FC8E005B9B1E /* MPVTest.app */ = {isa = PBXFileReference; explicitFileType = wrapper.application; includeInIndex = 0; path = MPVTest.app; sourceTree = BUILT_PRODUCTS_DIR; };
		3CE768882B15FC8E005B9B1E /* AppDelegate.swift */ = {isa = PBXFileReference; lastKnownFileType = sourcecode.swift; path = AppDelegate.swift; sourceTree = "<group>"; };
		3CE7688A2B15FC8E005B9B1E /* SceneDelegate.swift */ = {isa = PBXFileReference; lastKnownFileType = sourcecode.swift; path = SceneDelegate.swift; sourceTree = "<group>"; };
		3CE7688C2B15FC8E005B9B1E /* PersonViewController.swift */ = {isa = PBXFileReference; lastKnownFileType = sourcecode.swift; path = PersonViewController.swift; sourceTree = "<group>"; };
		3CE768912B15FC90005B9B1E /* Assets.xcassets */ = {isa = PBXFileReference; lastKnownFileType = folder.assetcatalog; path = Assets.xcassets; sourceTree = "<group>"; };
		3CE768942B15FC90005B9B1E /* Base */ = {isa = PBXFileReference; lastKnownFileType = file.storyboard; name = Base; path = Base.lproj/LaunchScreen.storyboard; sourceTree = "<group>"; };
		3CE768962B15FC90005B9B1E /* Info.plist */ = {isa = PBXFileReference; lastKnownFileType = text.plist.xml; path = Info.plist; sourceTree = "<group>"; };
		3CE768A72B16030E005B9B1E /* DetailsViewController.swift */ = {isa = PBXFileReference; lastKnownFileType = sourcecode.swift; path = DetailsViewController.swift; sourceTree = "<group>"; };
		3CE768A92B1604CE005B9B1E /* Person.swift */ = {isa = PBXFileReference; lastKnownFileType = sourcecode.swift; path = Person.swift; sourceTree = "<group>"; };
		3CE768AB2B1607E0005B9B1E /* PersonPresenter.swift */ = {isa = PBXFileReference; lastKnownFileType = sourcecode.swift; path = PersonPresenter.swift; sourceTree = "<group>"; };
		3CE768AD2B16146E005B9B1E /* Details.swift */ = {isa = PBXFileReference; lastKnownFileType = sourcecode.swift; path = Details.swift; sourceTree = "<group>"; };
		3CE768AF2B1614BA005B9B1E /* DetailsPresenter.swift */ = {isa = PBXFileReference; lastKnownFileType = sourcecode.swift; path = DetailsPresenter.swift; sourceTree = "<group>"; };
		3CE768B12B162173005B9B1E /* CustomButton.swift */ = {isa = PBXFileReference; lastKnownFileType = sourcecode.swift; path = CustomButton.swift; sourceTree = "<group>"; };
		3CE7694D2B178AB3005B9B1E /* ViewBuilder.swift */ = {isa = PBXFileReference; lastKnownFileType = sourcecode.swift; path = ViewBuilder.swift; sourceTree = "<group>"; };
/* End PBXFileReference section */

/* Begin PBXFrameworksBuildPhase section */
		3CE768822B15FC8E005B9B1E /* Frameworks */ = {
			isa = PBXFrameworksBuildPhase;
			buildActionMask = 2147483647;
			files = (
			);
			runOnlyForDeploymentPostprocessing = 0;
		};
/* End PBXFrameworksBuildPhase section */

/* Begin PBXGroup section */
		3CE7687C2B15FC8E005B9B1E = {
			isa = PBXGroup;
			children = (
				3CE768872B15FC8E005B9B1E /* MPVTest */,
				3CE768862B15FC8E005B9B1E /* Products */,
			);
			sourceTree = "<group>";
		};
		3CE768862B15FC8E005B9B1E /* Products */ = {
			isa = PBXGroup;
			children = (
				3CE768852B15FC8E005B9B1E /* MPVTest.app */,
			);
			name = Products;
			sourceTree = "<group>";
		};
		3CE768872B15FC8E005B9B1E /* MPVTest */ = {
			isa = PBXGroup;
			children = (
				3CE7694C2B178A6F005B9B1E /* Builder */,
				3CE7689E2B160255005B9B1E /* Modules */,
				3CE7689C2B15FD0A005B9B1E /* App */,
				3CE7689D2B15FD0F005B9B1E /* Resources */,
				3CE768962B15FC90005B9B1E /* Info.plist */,
			);
			path = MPVTest;
			sourceTree = "<group>";
		};
		3CE7689C2B15FD0A005B9B1E /* App */ = {
			isa = PBXGroup;
			children = (
				3CE768882B15FC8E005B9B1E /* AppDelegate.swift */,
				3CE7688A2B15FC8E005B9B1E /* SceneDelegate.swift */,
			);
			path = App;
			sourceTree = "<group>";
		};
		3CE7689D2B15FD0F005B9B1E /* Resources */ = {
			isa = PBXGroup;
			children = (
				3CE768912B15FC90005B9B1E /* Assets.xcassets */,
				3CE768932B15FC90005B9B1E /* LaunchScreen.storyboard */,
			);
			path = Resources;
			sourceTree = "<group>";
		};
		3CE7689E2B160255005B9B1E /* Modules */ = {
			isa = PBXGroup;
			children = (
				3CE768A22B1602B4005B9B1E /* Main */,
				3CE768A32B1602C6005B9B1E /* Details */,
			);
			path = Modules;
			sourceTree = "<group>";
		};
		3CE7689F2B16025D005B9B1E /* Model */ = {
			isa = PBXGroup;
			children = (
				3CE768A92B1604CE005B9B1E /* Person.swift */,
			);
			path = Model;
			sourceTree = "<group>";
		};
		3CE768A02B160266005B9B1E /* View */ = {
			isa = PBXGroup;
			children = (
				3CE7688C2B15FC8E005B9B1E /* PersonViewController.swift */,
			);
			path = View;
			sourceTree = "<group>";
		};
		3CE768A12B16026B005B9B1E /* Presenter */ = {
			isa = PBXGroup;
			children = (
				3CE768AB2B1607E0005B9B1E /* PersonPresenter.swift */,
			);
			path = Presenter;
			sourceTree = "<group>";
		};
		3CE768A22B1602B4005B9B1E /* Main */ = {
			isa = PBXGroup;
			children = (
				3CE7689F2B16025D005B9B1E /* Model */,
				3CE768A02B160266005B9B1E /* View */,
				3CE768A12B16026B005B9B1E /* Presenter */,
			);
			path = Main;
			sourceTree = "<group>";
		};
		3CE768A32B1602C6005B9B1E /* Details */ = {
			isa = PBXGroup;
			children = (
				3CE768A42B1602E0005B9B1E /* Model */,
				3CE768A52B1602E5005B9B1E /* View */,
				3CE768A62B1602EA005B9B1E /* Presenter */,
			);
			path = Details;
			sourceTree = "<group>";
		};
		3CE768A42B1602E0005B9B1E /* Model */ = {
			isa = PBXGroup;
			children = (
				3CE768AD2B16146E005B9B1E /* Details.swift */,
			);
			path = Model;
			sourceTree = "<group>";
		};
		3CE768A52B1602E5005B9B1E /* View */ = {
			isa = PBXGroup;
			children = (
				3CE768A72B16030E005B9B1E /* DetailsViewController.swift */,
				3CE768B12B162173005B9B1E /* CustomButton.swift */,
			);
			path = View;
			sourceTree = "<group>";
		};
		3CE768A62B1602EA005B9B1E /* Presenter */ = {
			isa = PBXGroup;
			children = (
				3CE768AF2B1614BA005B9B1E /* DetailsPresenter.swift */,
			);
			path = Presenter;
			sourceTree = "<group>";
		};
		3CE7694C2B178A6F005B9B1E /* Builder */ = {
			isa = PBXGroup;
			children = (
				3CE7694D2B178AB3005B9B1E /* ViewBuilder.swift */,
			);
			path = Builder;
			sourceTree = "<group>";
		};
/* End PBXGroup section */

/* Begin PBXNativeTarget section */
		3CE768842B15FC8E005B9B1E /* MPVTest */ = {
			isa = PBXNativeTarget;
			buildConfigurationList = 3CE768992B15FC90005B9B1E /* Build configuration list for PBXNativeTarget "MPVTest" */;
			buildPhases = (
				3CE768812B15FC8E005B9B1E /* Sources */,
				3CE768822B15FC8E005B9B1E /* Frameworks */,
				3CE768832B15FC8E005B9B1E /* Resources */,
			);
			buildRules = (
			);
			dependencies = (
			);
			name = MPVTest;
			productName = MPVTest;
			productReference = 3CE768852B15FC8E005B9B1E /* MPVTest.app */;
			productType = "com.apple.product-type.application";
		};
/* End PBXNativeTarget section */

/* Begin PBXProject section */
		3CE7687D2B15FC8E005B9B1E /* Project object */ = {
			isa = PBXProject;
			attributes = {
				BuildIndependentTargetsInParallel = 1;
				LastSwiftUpdateCheck = 1430;
				LastUpgradeCheck = 1430;
				TargetAttributes = {
					3CE768842B15FC8E005B9B1E = {
						CreatedOnToolsVersion = 14.3.1;
					};
				};
			};
			buildConfigurationList = 3CE768802B15FC8E005B9B1E /* Build configuration list for PBXProject "MPVTest" */;
			compatibilityVersion = "Xcode 14.0";
			developmentRegion = en;
			hasScannedForEncodings = 0;
			knownRegions = (
				en,
				Base,
			);
			mainGroup = 3CE7687C2B15FC8E005B9B1E;
			productRefGroup = 3CE768862B15FC8E005B9B1E /* Products */;
			projectDirPath = "";
			projectRoot = "";
			targets = (
				3CE768842B15FC8E005B9B1E /* MPVTest */,
			);
		};
/* End PBXProject section */

/* Begin PBXResourcesBuildPhase section */
		3CE768832B15FC8E005B9B1E /* Resources */ = {
			isa = PBXResourcesBuildPhase;
			buildActionMask = 2147483647;
			files = (
				3CE768952B15FC90005B9B1E /* LaunchScreen.storyboard in Resources */,
				3CE768922B15FC90005B9B1E /* Assets.xcassets in Resources */,
			);
			runOnlyForDeploymentPostprocessing = 0;
		};
/* End PBXResourcesBuildPhase section */

/* Begin PBXSourcesBuildPhase section */
		3CE768812B15FC8E005B9B1E /* Sources */ = {
			isa = PBXSourcesBuildPhase;
			buildActionMask = 2147483647;
			files = (
				3CE7688D2B15FC8E005B9B1E /* PersonViewController.swift in Sources */,
				3CE768AA2B1604CE005B9B1E /* Person.swift in Sources */,
				3CE768B22B162173005B9B1E /* CustomButton.swift in Sources */,
				3CE768892B15FC8E005B9B1E /* AppDelegate.swift in Sources */,
				3CE768AC2B1607E0005B9B1E /* PersonPresenter.swift in Sources */,
				3CE7688B2B15FC8E005B9B1E /* SceneDelegate.swift in Sources */,
				3CE768A82B16030E005B9B1E /* DetailsViewController.swift in Sources */,
				3CE768AE2B16146E005B9B1E /* Details.swift in Sources */,
				3CE7694E2B178AB3005B9B1E /* ViewBuilder.swift in Sources */,
				3CE768B02B1614BA005B9B1E /* DetailsPresenter.swift in Sources */,
			);
			runOnlyForDeploymentPostprocessing = 0;
		};
/* End PBXSourcesBuildPhase section */

/* Begin PBXVariantGroup section */
		3CE768932B15FC90005B9B1E /* LaunchScreen.storyboard */ = {
			isa = PBXVariantGroup;
			children = (
				3CE768942B15FC90005B9B1E /* Base */,
			);
			name = LaunchScreen.storyboard;
			sourceTree = "<group>";
		};
/* End PBXVariantGroup section */

/* Begin XCBuildConfiguration section */
		3CE768972B15FC90005B9B1E /* Debug */ = {
			isa = XCBuildConfiguration;
			buildSettings = {
				ALWAYS_SEARCH_USER_PATHS = NO;
				CLANG_ANALYZER_NONNULL = YES;
				CLANG_ANALYZER_NUMBER_OBJECT_CONVERSION = YES_AGGRESSIVE;
				CLANG_CXX_LANGUAGE_STANDARD = "gnu++20";
				CLANG_ENABLE_MODULES = YES;
				CLANG_ENABLE_OBJC_ARC = YES;
				CLANG_ENABLE_OBJC_WEAK = YES;
				CLANG_WARN_BLOCK_CAPTURE_AUTORELEASING = YES;
				CLANG_WARN_BOOL_CONVERSION = YES;
				CLANG_WARN_COMMA = YES;
				CLANG_WARN_CONSTANT_CONVERSION = YES;
				CLANG_WARN_DEPRECATED_OBJC_IMPLEMENTATIONS = YES;
				CLANG_WARN_DIRECT_OBJC_ISA_USAGE = YES_ERROR;
				CLANG_WARN_DOCUMENTATION_COMMENTS = YES;
				CLANG_WARN_EMPTY_BODY = YES;
				CLANG_WARN_ENUM_CONVERSION = YES;
				CLANG_WARN_INFINITE_RECURSION = YES;
				CLANG_WARN_INT_CONVERSION = YES;
				CLANG_WARN_NON_LITERAL_NULL_CONVERSION = YES;
				CLANG_WARN_OBJC_IMPLICIT_RETAIN_SELF = YES;
				CLANG_WARN_OBJC_LITERAL_CONVERSION = YES;
				CLANG_WARN_OBJC_ROOT_CLASS = YES_ERROR;
				CLANG_WARN_QUOTED_INCLUDE_IN_FRAMEWORK_HEADER = YES;
				CLANG_WARN_RANGE_LOOP_ANALYSIS = YES;
				CLANG_WARN_STRICT_PROTOTYPES = YES;
				CLANG_WARN_SUSPICIOUS_MOVE = YES;
				CLANG_WARN_UNGUARDED_AVAILABILITY = YES_AGGRESSIVE;
				CLANG_WARN_UNREACHABLE_CODE = YES;
				CLANG_WARN__DUPLICATE_METHOD_MATCH = YES;
				COPY_PHASE_STRIP = NO;
				DEBUG_INFORMATION_FORMAT = dwarf;
				ENABLE_STRICT_OBJC_MSGSEND = YES;
				ENABLE_TESTABILITY = YES;
				GCC_C_LANGUAGE_STANDARD = gnu11;
				GCC_DYNAMIC_NO_PIC = NO;
				GCC_NO_COMMON_BLOCKS = YES;
				GCC_OPTIMIZATION_LEVEL = 0;
				GCC_PREPROCESSOR_DEFINITIONS = (
					"DEBUG=1",
					"$(inherited)",
				);
				GCC_WARN_64_TO_32_BIT_CONVERSION = YES;
				GCC_WARN_ABOUT_RETURN_TYPE = YES_ERROR;
				GCC_WARN_UNDECLARED_SELECTOR = YES;
				GCC_WARN_UNINITIALIZED_AUTOS = YES_AGGRESSIVE;
				GCC_WARN_UNUSED_FUNCTION = YES;
				GCC_WARN_UNUSED_VARIABLE = YES;
				IPHONEOS_DEPLOYMENT_TARGET = 16.4;
				MTL_ENABLE_DEBUG_INFO = INCLUDE_SOURCE;
				MTL_FAST_MATH = YES;
				ONLY_ACTIVE_ARCH = YES;
				SDKROOT = iphoneos;
				SWIFT_ACTIVE_COMPILATION_CONDITIONS = DEBUG;
				SWIFT_OPTIMIZATION_LEVEL = "-Onone";
			};
			name = Debug;
		};
		3CE768982B15FC90005B9B1E /* Release */ = {
			isa = XCBuildConfiguration;
			buildSettings = {
				ALWAYS_SEARCH_USER_PATHS = NO;
				CLANG_ANALYZER_NONNULL = YES;
				CLANG_ANALYZER_NUMBER_OBJECT_CONVERSION = YES_AGGRESSIVE;
				CLANG_CXX_LANGUAGE_STANDARD = "gnu++20";
				CLANG_ENABLE_MODULES = YES;
				CLANG_ENABLE_OBJC_ARC = YES;
				CLANG_ENABLE_OBJC_WEAK = YES;
				CLANG_WARN_BLOCK_CAPTURE_AUTORELEASING = YES;
				CLANG_WARN_BOOL_CONVERSION = YES;
				CLANG_WARN_COMMA = YES;
				CLANG_WARN_CONSTANT_CONVERSION = YES;
				CLANG_WARN_DEPRECATED_OBJC_IMPLEMENTATIONS = YES;
				CLANG_WARN_DIRECT_OBJC_ISA_USAGE = YES_ERROR;
				CLANG_WARN_DOCUMENTATION_COMMENTS = YES;
				CLANG_WARN_EMPTY_BODY = YES;
				CLANG_WARN_ENUM_CONVERSION = YES;
				CLANG_WARN_INFINITE_RECURSION = YES;
				CLANG_WARN_INT_CONVERSION = YES;
				CLANG_WARN_NON_LITERAL_NULL_CONVERSION = YES;
				CLANG_WARN_OBJC_IMPLICIT_RETAIN_SELF = YES;
				CLANG_WARN_OBJC_LITERAL_CONVERSION = YES;
				CLANG_WARN_OBJC_ROOT_CLASS = YES_ERROR;
				CLANG_WARN_QUOTED_INCLUDE_IN_FRAMEWORK_HEADER = YES;
				CLANG_WARN_RANGE_LOOP_ANALYSIS = YES;
				CLANG_WARN_STRICT_PROTOTYPES = YES;
				CLANG_WARN_SUSPICIOUS_MOVE = YES;
				CLANG_WARN_UNGUARDED_AVAILABILITY = YES_AGGRESSIVE;
				CLANG_WARN_UNREACHABLE_CODE = YES;
				CLANG_WARN__DUPLICATE_METHOD_MATCH = YES;
				COPY_PHASE_STRIP = NO;
				DEBUG_INFORMATION_FORMAT = "dwarf-with-dsym";
				ENABLE_NS_ASSERTIONS = NO;
				ENABLE_STRICT_OBJC_MSGSEND = YES;
				GCC_C_LANGUAGE_STANDARD = gnu11;
				GCC_NO_COMMON_BLOCKS = YES;
				GCC_WARN_64_TO_32_BIT_CONVERSION = YES;
				GCC_WARN_ABOUT_RETURN_TYPE = YES_ERROR;
				GCC_WARN_UNDECLARED_SELECTOR = YES;
				GCC_WARN_UNINITIALIZED_AUTOS = YES_AGGRESSIVE;
				GCC_WARN_UNUSED_FUNCTION = YES;
				GCC_WARN_UNUSED_VARIABLE = YES;
				IPHONEOS_DEPLOYMENT_TARGET = 16.4;
				MTL_ENABLE_DEBUG_INFO = NO;
				MTL_FAST_MATH = YES;
				SDKROOT = iphoneos;
				SWIFT_COMPILATION_MODE = wholemodule;
				SWIFT_OPTIMIZATION_LEVEL = "-O";
				VALIDATE_PRODUCT = YES;
			};
			name = Release;
		};
		3CE7689A2B15FC90005B9B1E /* Debug */ = {
			isa = XCBuildConfiguration;
			buildSettings = {
				ASSETCATALOG_COMPILER_APPICON_NAME = AppIcon;
				ASSETCATALOG_COMPILER_GLOBAL_ACCENT_COLOR_NAME = AccentColor;
				CODE_SIGN_STYLE = Automatic;
				CURRENT_PROJECT_VERSION = 1;
				DEVELOPMENT_TEAM = T22G8674NU;
				GENERATE_INFOPLIST_FILE = YES;
				INFOPLIST_FILE = MPVTest/Info.plist;
				INFOPLIST_KEY_UIApplicationSupportsIndirectInputEvents = YES;
				INFOPLIST_KEY_UILaunchStoryboardName = LaunchScreen;
				INFOPLIST_KEY_UISupportedInterfaceOrientations_iPad = "UIInterfaceOrientationPortrait UIInterfaceOrientationPortraitUpsideDown UIInterfaceOrientationLandscapeLeft UIInterfaceOrientationLandscapeRight";
				INFOPLIST_KEY_UISupportedInterfaceOrientations_iPhone = "UIInterfaceOrientationPortrait UIInterfaceOrientationLandscapeLeft UIInterfaceOrientationLandscapeRight";
				LD_RUNPATH_SEARCH_PATHS = (
					"$(inherited)",
					"@executable_path/Frameworks",
				);
				MARKETING_VERSION = 1.0;
				PRODUCT_BUNDLE_IDENTIFIER = KirillTaraturin.MPVTest;
				PRODUCT_NAME = "$(TARGET_NAME)";
				SWIFT_EMIT_LOC_STRINGS = YES;
				SWIFT_VERSION = 5.0;
				TARGETED_DEVICE_FAMILY = "1,2";
			};
			name = Debug;
		};
		3CE7689B2B15FC90005B9B1E /* Release */ = {
			isa = XCBuildConfiguration;
			buildSettings = {
				ASSETCATALOG_COMPILER_APPICON_NAME = AppIcon;
				ASSETCATALOG_COMPILER_GLOBAL_ACCENT_COLOR_NAME = AccentColor;
				CODE_SIGN_STYLE = Automatic;
				CURRENT_PROJECT_VERSION = 1;
				DEVELOPMENT_TEAM = T22G8674NU;
				GENERATE_INFOPLIST_FILE = YES;
				INFOPLIST_FILE = MPVTest/Info.plist;
				INFOPLIST_KEY_UIApplicationSupportsIndirectInputEvents = YES;
				INFOPLIST_KEY_UILaunchStoryboardName = LaunchScreen;
				INFOPLIST_KEY_UISupportedInterfaceOrientations_iPad = "UIInterfaceOrientationPortrait UIInterfaceOrientationPortraitUpsideDown UIInterfaceOrientationLandscapeLeft UIInterfaceOrientationLandscapeRight";
				INFOPLIST_KEY_UISupportedInterfaceOrientations_iPhone = "UIInterfaceOrientationPortrait UIInterfaceOrientationLandscapeLeft UIInterfaceOrientationLandscapeRight";
				LD_RUNPATH_SEARCH_PATHS = (
					"$(inherited)",
					"@executable_path/Frameworks",
				);
				MARKETING_VERSION = 1.0;
				PRODUCT_BUNDLE_IDENTIFIER = KirillTaraturin.MPVTest;
				PRODUCT_NAME = "$(TARGET_NAME)";
				SWIFT_EMIT_LOC_STRINGS = YES;
				SWIFT_VERSION = 5.0;
				TARGETED_DEVICE_FAMILY = "1,2";
			};
			name = Release;
		};
/* End XCBuildConfiguration section */

/* Begin XCConfigurationList section */
		3CE768802B15FC8E005B9B1E /* Build configuration list for PBXProject "MPVTest" */ = {
			isa = XCConfigurationList;
			buildConfigurations = (
				3CE768972B15FC90005B9B1E /* Debug */,
				3CE768982B15FC90005B9B1E /* Release */,
			);
			defaultConfigurationIsVisible = 0;
			defaultConfigurationName = Release;
		};
		3CE768992B15FC90005B9B1E /* Build configuration list for PBXNativeTarget "MPVTest" */ = {
			isa = XCConfigurationList;
			buildConfigurations = (
				3CE7689A2B15FC90005B9B1E /* Debug */,
				3CE7689B2B15FC90005B9B1E /* Release */,
			);
			defaultConfigurationIsVisible = 0;
			defaultConfigurationName = Release;
		};
/* End XCConfigurationList section */
	};
	rootObject = 3CE7687D2B15FC8E005B9B1E /* Project object */;
}
